// !$*UTF8*$!
{
	archiveVersion = 1;
	classes = {
	};
	objectVersion = 46;
	objects = {

/* Begin PBXBuildFile section */
		2C58A4691E3C20A200CBB583 /* PadTableViewController.swift in Sources */ = {isa = PBXBuildFile; fileRef = 2C58A4681E3C20A200CBB583 /* PadTableViewController.swift */; };
		2C58A46B1E3C2AC300CBB583 /* introback.jpg in Resources */ = {isa = PBXBuildFile; fileRef = 2C58A46A1E3C2AC300CBB583 /* introback.jpg */; };
		2C58A46D1E3D0A2500CBB583 /* SelectItemsViewController.swift in Sources */ = {isa = PBXBuildFile; fileRef = 2C58A46C1E3D0A2500CBB583 /* SelectItemsViewController.swift */; };
		2C58A46F1E3D0C6C00CBB583 /* CheckoutViewController.swift in Sources */ = {isa = PBXBuildFile; fileRef = 2C58A46E1E3D0C6C00CBB583 /* CheckoutViewController.swift */; };
		2C58A4711E3D0E8F00CBB583 /* PadViewController.swift in Sources */ = {isa = PBXBuildFile; fileRef = 2C58A4701E3D0E8F00CBB583 /* PadViewController.swift */; };
		2CEA42B01E3C18AF003E60BF /* giphy.gif in Resources */ = {isa = PBXBuildFile; fileRef = 2CEA42AF1E3C18AF003E60BF /* giphy.gif */; };
		2CEBC12B1E3D188900617373 /* OrderSummaryViewController.swift in Sources */ = {isa = PBXBuildFile; fileRef = 2CEBC12A1E3D188900617373 /* OrderSummaryViewController.swift */; };
		2CEBC12D1E3D1BA300617373 /* CircularTransition.swift in Sources */ = {isa = PBXBuildFile; fileRef = 2CEBC12C1E3D1BA300617373 /* CircularTransition.swift */; };
		2CEBC12F1E3D662300617373 /* Pulsing.swift in Sources */ = {isa = PBXBuildFile; fileRef = 2CEBC12E1E3D662300617373 /* Pulsing.swift */; };
		2CEBC1331E3D73E300617373 /* onboardicons in Resources */ = {isa = PBXBuildFile; fileRef = 2CEBC1321E3D73E300617373 /* onboardicons */; };
		2CEBC1351E3D741600617373 /* OnBoardViewController.swift in Sources */ = {isa = PBXBuildFile; fileRef = 2CEBC1341E3D741600617373 /* OnBoardViewController.swift */; };
		2CEBC1371E3D759200617373 /* OnboardingView.swift in Sources */ = {isa = PBXBuildFile; fileRef = 2CEBC1361E3D759200617373 /* OnboardingView.swift */; };
		2CEBC1381E3D7AE100617373 /* PaperOnboarding.framework in Frameworks */ = {isa = PBXBuildFile; fileRef = 2CEBC1301E3D73B900617373 /* PaperOnboarding.framework */; };
		2CEBC1391E3D7AE100617373 /* PaperOnboarding.framework in Embed Frameworks */ = {isa = PBXBuildFile; fileRef = 2CEBC1301E3D73B900617373 /* PaperOnboarding.framework */; settings = {ATTRIBUTES = (CodeSignOnCopy, RemoveHeadersOnCopy, ); }; };
		2CEBC13C1E3DAC3300617373 /* SecondTableTableViewController.swift in Sources */ = {isa = PBXBuildFile; fileRef = 2CEBC13B1E3DAC3300617373 /* SecondTableTableViewController.swift */; };
		95FDF555798A975CE1DECD59 /* Pods_App_mini_challenge.framework in Frameworks */ = {isa = PBXBuildFile; fileRef = E87709928C4181D49548238D /* Pods_App_mini_challenge.framework */; };
		AF2936E0F8C8C08FE6DA3500 /* Pods_App_mini_challengeUITests.framework in Frameworks */ = {isa = PBXBuildFile; fileRef = FE591A8BE64CEA9D735C104D /* Pods_App_mini_challengeUITests.framework */; };
		B4099E7F1E3F47AA00AB566F /* AlamofireTestVC.swift in Sources */ = {isa = PBXBuildFile; fileRef = B4099E7E1E3F47AA00AB566F /* AlamofireTestVC.swift */; };
		B43CFD9D1E3B43EA007B0DFA /* ObtainLocation.swift in Sources */ = {isa = PBXBuildFile; fileRef = B43CFD9C1E3B43EA007B0DFA /* ObtainLocation.swift */; };
		B43CFDA01E3B43F6007B0DFA /* MapKit.framework in Frameworks */ = {isa = PBXBuildFile; fileRef = B43CFD9F1E3B43F6007B0DFA /* MapKit.framework */; };
		B4D3B4EA1E39ED0A004FF175 /* AppDelegate.swift in Sources */ = {isa = PBXBuildFile; fileRef = B4D3B4E91E39ED0A004FF175 /* AppDelegate.swift */; };
		B4D3B4EC1E39ED0A004FF175 /* ViewController.swift in Sources */ = {isa = PBXBuildFile; fileRef = B4D3B4EB1E39ED0A004FF175 /* ViewController.swift */; };
		B4D3B4EF1E39ED0A004FF175 /* Main.storyboard in Resources */ = {isa = PBXBuildFile; fileRef = B4D3B4ED1E39ED0A004FF175 /* Main.storyboard */; };
		B4D3B4F21E39ED0A004FF175 /* App_mini_challenge.xcdatamodeld in Sources */ = {isa = PBXBuildFile; fileRef = B4D3B4F01E39ED0A004FF175 /* App_mini_challenge.xcdatamodeld */; };
		B4D3B4F41E39ED0A004FF175 /* Assets.xcassets in Resources */ = {isa = PBXBuildFile; fileRef = B4D3B4F31E39ED0A004FF175 /* Assets.xcassets */; };
		B4D3B4F71E39ED0A004FF175 /* LaunchScreen.storyboard in Resources */ = {isa = PBXBuildFile; fileRef = B4D3B4F51E39ED0A004FF175 /* LaunchScreen.storyboard */; };
		B4D3B5021E39ED0A004FF175 /* App_mini_challengeTests.swift in Sources */ = {isa = PBXBuildFile; fileRef = B4D3B5011E39ED0A004FF175 /* App_mini_challengeTests.swift */; };
		B4D3B50D1E39ED0A004FF175 /* App_mini_challengeUITests.swift in Sources */ = {isa = PBXBuildFile; fileRef = B4D3B50C1E39ED0A004FF175 /* App_mini_challengeUITests.swift */; };
		B4D3B51B1E39ED44004FF175 /* ProductCollectionViewController.swift in Sources */ = {isa = PBXBuildFile; fileRef = B4D3B51A1E39ED44004FF175 /* ProductCollectionViewController.swift */; };
		B4D3B51D1E39ED9B004FF175 /* MarketTableViewController.swift in Sources */ = {isa = PBXBuildFile; fileRef = B4D3B51C1E39ED9B004FF175 /* MarketTableViewController.swift */; };
		B4D3B51F1E39EDC9004FF175 /* CategoryCollectionViewController.swift in Sources */ = {isa = PBXBuildFile; fileRef = B4D3B51E1E39EDC9004FF175 /* CategoryCollectionViewController.swift */; };
		B4D3B5211E39FC82004FF175 /* Marketcell.xib in Resources */ = {isa = PBXBuildFile; fileRef = B4D3B5201E39FC82004FF175 /* Marketcell.xib */; };
		F62E869B502AFD3B496448DD /* Pods_App_mini_challengeTests.framework in Frameworks */ = {isa = PBXBuildFile; fileRef = 714834B97A92AECD4DDF9107 /* Pods_App_mini_challengeTests.framework */; };
/* End PBXBuildFile section */

/* Begin PBXContainerItemProxy section */
		B4D3B4FE1E39ED0A004FF175 /* PBXContainerItemProxy */ = {
			isa = PBXContainerItemProxy;
			containerPortal = B4D3B4DE1E39ED0A004FF175 /* Project object */;
			proxyType = 1;
			remoteGlobalIDString = B4D3B4E51E39ED0A004FF175;
			remoteInfo = "App mini challenge";
		};
		B4D3B5091E39ED0A004FF175 /* PBXContainerItemProxy */ = {
			isa = PBXContainerItemProxy;
			containerPortal = B4D3B4DE1E39ED0A004FF175 /* Project object */;
			proxyType = 1;
			remoteGlobalIDString = B4D3B4E51E39ED0A004FF175;
			remoteInfo = "App mini challenge";
		};
/* End PBXContainerItemProxy section */

/* Begin PBXCopyFilesBuildPhase section */
		2CEBC13A1E3D7AE100617373 /* Embed Frameworks */ = {
			isa = PBXCopyFilesBuildPhase;
			buildActionMask = 2147483647;
			dstPath = "";
			dstSubfolderSpec = 10;
			files = (
				2CEBC1391E3D7AE100617373 /* PaperOnboarding.framework in Embed Frameworks */,
			);
			name = "Embed Frameworks";
			runOnlyForDeploymentPostprocessing = 0;
		};
/* End PBXCopyFilesBuildPhase section */

/* Begin PBXFileReference section */
		053826F3B77DC065361BF1D6 /* Pods-App mini challengeTests.release.xcconfig */ = {isa = PBXFileReference; includeInIndex = 1; lastKnownFileType = text.xcconfig; name = "Pods-App mini challengeTests.release.xcconfig"; path = "Pods/Target Support Files/Pods-App mini challengeTests/Pods-App mini challengeTests.release.xcconfig"; sourceTree = "<group>"; };
		16E7D8FB2968BBD3D57D8DD0 /* Pods-App mini challenge.debug.xcconfig */ = {isa = PBXFileReference; includeInIndex = 1; lastKnownFileType = text.xcconfig; name = "Pods-App mini challenge.debug.xcconfig"; path = "Pods/Target Support Files/Pods-App mini challenge/Pods-App mini challenge.debug.xcconfig"; sourceTree = "<group>"; };
		2C58A4681E3C20A200CBB583 /* PadTableViewController.swift */ = {isa = PBXFileReference; fileEncoding = 4; lastKnownFileType = sourcecode.swift; path = PadTableViewController.swift; sourceTree = "<group>"; };
		2C58A46A1E3C2AC300CBB583 /* introback.jpg */ = {isa = PBXFileReference; lastKnownFileType = image.jpeg; path = introback.jpg; sourceTree = "<group>"; };
		2C58A46C1E3D0A2500CBB583 /* SelectItemsViewController.swift */ = {isa = PBXFileReference; fileEncoding = 4; lastKnownFileType = sourcecode.swift; path = SelectItemsViewController.swift; sourceTree = "<group>"; };
		2C58A46E1E3D0C6C00CBB583 /* CheckoutViewController.swift */ = {isa = PBXFileReference; fileEncoding = 4; lastKnownFileType = sourcecode.swift; path = CheckoutViewController.swift; sourceTree = "<group>"; };
		2C58A4701E3D0E8F00CBB583 /* PadViewController.swift */ = {isa = PBXFileReference; fileEncoding = 4; lastKnownFileType = sourcecode.swift; path = PadViewController.swift; sourceTree = "<group>"; };
		2CEA42AF1E3C18AF003E60BF /* giphy.gif */ = {isa = PBXFileReference; lastKnownFileType = image.gif; path = giphy.gif; sourceTree = "<group>"; };
		2CEBC12A1E3D188900617373 /* OrderSummaryViewController.swift */ = {isa = PBXFileReference; fileEncoding = 4; lastKnownFileType = sourcecode.swift; path = OrderSummaryViewController.swift; sourceTree = "<group>"; };
		2CEBC12C1E3D1BA300617373 /* CircularTransition.swift */ = {isa = PBXFileReference; fileEncoding = 4; lastKnownFileType = sourcecode.swift; path = CircularTransition.swift; sourceTree = "<group>"; };
		2CEBC12E1E3D662300617373 /* Pulsing.swift */ = {isa = PBXFileReference; fileEncoding = 4; lastKnownFileType = sourcecode.swift; path = Pulsing.swift; sourceTree = "<group>"; };
		2CEBC1301E3D73B900617373 /* PaperOnboarding.framework */ = {isa = PBXFileReference; lastKnownFileType = wrapper.framework; path = PaperOnboarding.framework; sourceTree = "<group>"; };
		2CEBC1321E3D73E300617373 /* onboardicons */ = {isa = PBXFileReference; lastKnownFileType = folder; path = onboardicons; sourceTree = "<group>"; };
		2CEBC1341E3D741600617373 /* OnBoardViewController.swift */ = {isa = PBXFileReference; fileEncoding = 4; lastKnownFileType = sourcecode.swift; path = OnBoardViewController.swift; sourceTree = "<group>"; };
		2CEBC1361E3D759200617373 /* OnboardingView.swift */ = {isa = PBXFileReference; fileEncoding = 4; lastKnownFileType = sourcecode.swift; path = OnboardingView.swift; sourceTree = "<group>"; };
		2CEBC13B1E3DAC3300617373 /* SecondTableTableViewController.swift */ = {isa = PBXFileReference; fileEncoding = 4; lastKnownFileType = sourcecode.swift; path = SecondTableTableViewController.swift; sourceTree = "<group>"; };
		714834B97A92AECD4DDF9107 /* Pods_App_mini_challengeTests.framework */ = {isa = PBXFileReference; explicitFileType = wrapper.framework; includeInIndex = 0; path = Pods_App_mini_challengeTests.framework; sourceTree = BUILT_PRODUCTS_DIR; };
		7D8D7BE4B80B7335691163FB /* Pods-App mini challengeUITests.release.xcconfig */ = {isa = PBXFileReference; includeInIndex = 1; lastKnownFileType = text.xcconfig; name = "Pods-App mini challengeUITests.release.xcconfig"; path = "Pods/Target Support Files/Pods-App mini challengeUITests/Pods-App mini challengeUITests.release.xcconfig"; sourceTree = "<group>"; };
		9402685B2968CF1BAD9A9BB6 /* Pods-App mini challenge.release.xcconfig */ = {isa = PBXFileReference; includeInIndex = 1; lastKnownFileType = text.xcconfig; name = "Pods-App mini challenge.release.xcconfig"; path = "Pods/Target Support Files/Pods-App mini challenge/Pods-App mini challenge.release.xcconfig"; sourceTree = "<group>"; };
		B4099E7E1E3F47AA00AB566F /* AlamofireTestVC.swift */ = {isa = PBXFileReference; fileEncoding = 4; lastKnownFileType = sourcecode.swift; path = AlamofireTestVC.swift; sourceTree = "<group>"; };
		B43CFD9C1E3B43EA007B0DFA /* ObtainLocation.swift */ = {isa = PBXFileReference; fileEncoding = 4; lastKnownFileType = sourcecode.swift; path = ObtainLocation.swift; sourceTree = "<group>"; };
		B43CFD9F1E3B43F6007B0DFA /* MapKit.framework */ = {isa = PBXFileReference; lastKnownFileType = wrapper.framework; name = MapKit.framework; path = System/Library/Frameworks/MapKit.framework; sourceTree = SDKROOT; };
		B4D3B4E61E39ED0A004FF175 /* App mini challenge.app */ = {isa = PBXFileReference; explicitFileType = wrapper.application; includeInIndex = 0; path = "App mini challenge.app"; sourceTree = BUILT_PRODUCTS_DIR; };
		B4D3B4E91E39ED0A004FF175 /* AppDelegate.swift */ = {isa = PBXFileReference; lastKnownFileType = sourcecode.swift; path = AppDelegate.swift; sourceTree = "<group>"; };
		B4D3B4EB1E39ED0A004FF175 /* ViewController.swift */ = {isa = PBXFileReference; lastKnownFileType = sourcecode.swift; path = ViewController.swift; sourceTree = "<group>"; };
		B4D3B4EE1E39ED0A004FF175 /* Base */ = {isa = PBXFileReference; lastKnownFileType = file.storyboard; name = Base; path = Base.lproj/Main.storyboard; sourceTree = "<group>"; };
		B4D3B4F11E39ED0A004FF175 /* App_mini_challenge.xcdatamodel */ = {isa = PBXFileReference; lastKnownFileType = wrapper.xcdatamodel; path = App_mini_challenge.xcdatamodel; sourceTree = "<group>"; };
		B4D3B4F31E39ED0A004FF175 /* Assets.xcassets */ = {isa = PBXFileReference; lastKnownFileType = folder.assetcatalog; path = Assets.xcassets; sourceTree = "<group>"; };
		B4D3B4F61E39ED0A004FF175 /* Base */ = {isa = PBXFileReference; lastKnownFileType = file.storyboard; name = Base; path = Base.lproj/LaunchScreen.storyboard; sourceTree = "<group>"; };
		B4D3B4F81E39ED0A004FF175 /* Info.plist */ = {isa = PBXFileReference; lastKnownFileType = text.plist.xml; path = Info.plist; sourceTree = "<group>"; };
		B4D3B4FD1E39ED0A004FF175 /* App mini challengeTests.xctest */ = {isa = PBXFileReference; explicitFileType = wrapper.cfbundle; includeInIndex = 0; path = "App mini challengeTests.xctest"; sourceTree = BUILT_PRODUCTS_DIR; };
		B4D3B5011E39ED0A004FF175 /* App_mini_challengeTests.swift */ = {isa = PBXFileReference; lastKnownFileType = sourcecode.swift; path = App_mini_challengeTests.swift; sourceTree = "<group>"; };
		B4D3B5031E39ED0A004FF175 /* Info.plist */ = {isa = PBXFileReference; lastKnownFileType = text.plist.xml; path = Info.plist; sourceTree = "<group>"; };
		B4D3B5081E39ED0A004FF175 /* App mini challengeUITests.xctest */ = {isa = PBXFileReference; explicitFileType = wrapper.cfbundle; includeInIndex = 0; path = "App mini challengeUITests.xctest"; sourceTree = BUILT_PRODUCTS_DIR; };
		B4D3B50C1E39ED0A004FF175 /* App_mini_challengeUITests.swift */ = {isa = PBXFileReference; lastKnownFileType = sourcecode.swift; path = App_mini_challengeUITests.swift; sourceTree = "<group>"; };
		B4D3B50E1E39ED0A004FF175 /* Info.plist */ = {isa = PBXFileReference; lastKnownFileType = text.plist.xml; path = Info.plist; sourceTree = "<group>"; };
		B4D3B51A1E39ED44004FF175 /* ProductCollectionViewController.swift */ = {isa = PBXFileReference; fileEncoding = 4; lastKnownFileType = sourcecode.swift; path = ProductCollectionViewController.swift; sourceTree = "<group>"; };
		B4D3B51C1E39ED9B004FF175 /* MarketTableViewController.swift */ = {isa = PBXFileReference; fileEncoding = 4; lastKnownFileType = sourcecode.swift; path = MarketTableViewController.swift; sourceTree = "<group>"; };
		B4D3B51E1E39EDC9004FF175 /* CategoryCollectionViewController.swift */ = {isa = PBXFileReference; fileEncoding = 4; lastKnownFileType = sourcecode.swift; path = CategoryCollectionViewController.swift; sourceTree = "<group>"; };
		B4D3B5201E39FC82004FF175 /* Marketcell.xib */ = {isa = PBXFileReference; fileEncoding = 4; lastKnownFileType = file.xib; name = Marketcell.xib; path = ../Marketcell.xib; sourceTree = "<group>"; };
		E87709928C4181D49548238D /* Pods_App_mini_challenge.framework */ = {isa = PBXFileReference; explicitFileType = wrapper.framework; includeInIndex = 0; path = Pods_App_mini_challenge.framework; sourceTree = BUILT_PRODUCTS_DIR; };
		F365A8D902A43147BC31EBF9 /* Pods-App mini challengeTests.debug.xcconfig */ = {isa = PBXFileReference; includeInIndex = 1; lastKnownFileType = text.xcconfig; name = "Pods-App mini challengeTests.debug.xcconfig"; path = "Pods/Target Support Files/Pods-App mini challengeTests/Pods-App mini challengeTests.debug.xcconfig"; sourceTree = "<group>"; };
		F654D595908933096F073284 /* Pods-App mini challengeUITests.debug.xcconfig */ = {isa = PBXFileReference; includeInIndex = 1; lastKnownFileType = text.xcconfig; name = "Pods-App mini challengeUITests.debug.xcconfig"; path = "Pods/Target Support Files/Pods-App mini challengeUITests/Pods-App mini challengeUITests.debug.xcconfig"; sourceTree = "<group>"; };
		FE591A8BE64CEA9D735C104D /* Pods_App_mini_challengeUITests.framework */ = {isa = PBXFileReference; explicitFileType = wrapper.framework; includeInIndex = 0; path = Pods_App_mini_challengeUITests.framework; sourceTree = BUILT_PRODUCTS_DIR; };
/* End PBXFileReference section */

/* Begin PBXFrameworksBuildPhase section */
		B4D3B4E31E39ED0A004FF175 /* Frameworks */ = {
			isa = PBXFrameworksBuildPhase;
			buildActionMask = 2147483647;
			files = (
				2CEBC1381E3D7AE100617373 /* PaperOnboarding.framework in Frameworks */,
				B43CFDA01E3B43F6007B0DFA /* MapKit.framework in Frameworks */,
				95FDF555798A975CE1DECD59 /* Pods_App_mini_challenge.framework in Frameworks */,
			);
			runOnlyForDeploymentPostprocessing = 0;
		};
		B4D3B4FA1E39ED0A004FF175 /* Frameworks */ = {
			isa = PBXFrameworksBuildPhase;
			buildActionMask = 2147483647;
			files = (
				F62E869B502AFD3B496448DD /* Pods_App_mini_challengeTests.framework in Frameworks */,
			);
			runOnlyForDeploymentPostprocessing = 0;
		};
		B4D3B5051E39ED0A004FF175 /* Frameworks */ = {
			isa = PBXFrameworksBuildPhase;
			buildActionMask = 2147483647;
			files = (
				AF2936E0F8C8C08FE6DA3500 /* Pods_App_mini_challengeUITests.framework in Frameworks */,
			);
			runOnlyForDeploymentPostprocessing = 0;
		};
/* End PBXFrameworksBuildPhase section */

/* Begin PBXGroup section */
		2CEA42A91E3C13EF003E60BF /* View */ = {
			isa = PBXGroup;
			children = (
				B4D3B4ED1E39ED0A004FF175 /* Main.storyboard */,
				B4D3B5201E39FC82004FF175 /* Marketcell.xib */,
				B4D3B4F51E39ED0A004FF175 /* LaunchScreen.storyboard */,
			);
			name = View;
			sourceTree = "<group>";
		};
		2CEA42AA1E3C13FC003E60BF /* Controllers */ = {
			isa = PBXGroup;
			children = (
				B4D3B51A1E39ED44004FF175 /* ProductCollectionViewController.swift */,
				B4D3B51C1E39ED9B004FF175 /* MarketTableViewController.swift */,
				B4D3B51E1E39EDC9004FF175 /* CategoryCollectionViewController.swift */,
				B4D3B4EB1E39ED0A004FF175 /* ViewController.swift */,
				2C58A4681E3C20A200CBB583 /* PadTableViewController.swift */,
				2C58A46C1E3D0A2500CBB583 /* SelectItemsViewController.swift */,
				2C58A46E1E3D0C6C00CBB583 /* CheckoutViewController.swift */,
				2C58A4701E3D0E8F00CBB583 /* PadViewController.swift */,
				2CEBC12A1E3D188900617373 /* OrderSummaryViewController.swift */,
				2CEBC1361E3D759200617373 /* OnboardingView.swift */,
				2CEBC1341E3D741600617373 /* OnBoardViewController.swift */,
				2CEBC13B1E3DAC3300617373 /* SecondTableTableViewController.swift */,
				B4099E7E1E3F47AA00AB566F /* AlamofireTestVC.swift */,
			);
			name = Controllers;
			sourceTree = "<group>";
		};
		2CEA42AB1E3C140A003E60BF /* Supporting  */ = {
			isa = PBXGroup;
			children = (
				B4D3B4E91E39ED0A004FF175 /* AppDelegate.swift */,
				B4D3B4F31E39ED0A004FF175 /* Assets.xcassets */,
				B4D3B4F81E39ED0A004FF175 /* Info.plist */,
			);
			name = "Supporting ";
			sourceTree = "<group>";
		};
		2CEA42AC1E3C1432003E60BF /* Models */ = {
			isa = PBXGroup;
			children = (
				B4D3B4F01E39ED0A004FF175 /* App_mini_challenge.xcdatamodeld */,
				2CEBC12C1E3D1BA300617373 /* CircularTransition.swift */,
				B43CFD9C1E3B43EA007B0DFA /* ObtainLocation.swift */,
				2CEBC12E1E3D662300617373 /* Pulsing.swift */,
			);
			name = Models;
			sourceTree = "<group>";
		};
		B43CFD9E1E3B43F6007B0DFA /* Frameworks */ = {
			isa = PBXGroup;
			children = (
				B43CFD9F1E3B43F6007B0DFA /* MapKit.framework */,
				E87709928C4181D49548238D /* Pods_App_mini_challenge.framework */,
				714834B97A92AECD4DDF9107 /* Pods_App_mini_challengeTests.framework */,
				FE591A8BE64CEA9D735C104D /* Pods_App_mini_challengeUITests.framework */,
			);
			name = Frameworks;
			sourceTree = "<group>";
		};
		B4D3B4DD1E39ED0A004FF175 = {
			isa = PBXGroup;
			children = (
				2CEBC1301E3D73B900617373 /* PaperOnboarding.framework */,
				B4D3B4E81E39ED0A004FF175 /* App mini challenge */,
				B4D3B5001E39ED0A004FF175 /* App mini challengeTests */,
				B4D3B50B1E39ED0A004FF175 /* App mini challengeUITests */,
				B4D3B4E71E39ED0A004FF175 /* Products */,
				B43CFD9E1E3B43F6007B0DFA /* Frameworks */,
				F98135454AC1979BE634612F /* Pods */,
			);
			sourceTree = "<group>";
		};
		B4D3B4E71E39ED0A004FF175 /* Products */ = {
			isa = PBXGroup;
			children = (
				B4D3B4E61E39ED0A004FF175 /* App mini challenge.app */,
				B4D3B4FD1E39ED0A004FF175 /* App mini challengeTests.xctest */,
				B4D3B5081E39ED0A004FF175 /* App mini challengeUITests.xctest */,
			);
			name = Products;
			sourceTree = "<group>";
		};
		B4D3B4E81E39ED0A004FF175 /* App mini challenge */ = {
			isa = PBXGroup;
			children = (
				2C58A46A1E3C2AC300CBB583 /* introback.jpg */,
				2CEA42AF1E3C18AF003E60BF /* giphy.gif */,
				2CEBC1321E3D73E300617373 /* onboardicons */,
				2CEA42AC1E3C1432003E60BF /* Models */,
				2CEA42A91E3C13EF003E60BF /* View */,
				2CEA42AA1E3C13FC003E60BF /* Controllers */,
				2CEA42AB1E3C140A003E60BF /* Supporting  */,
			);
			path = "App mini challenge";
			sourceTree = "<group>";
		};
		B4D3B5001E39ED0A004FF175 /* App mini challengeTests */ = {
			isa = PBXGroup;
			children = (
				B4D3B5011E39ED0A004FF175 /* App_mini_challengeTests.swift */,
				B4D3B5031E39ED0A004FF175 /* Info.plist */,
			);
			path = "App mini challengeTests";
			sourceTree = "<group>";
		};
		B4D3B50B1E39ED0A004FF175 /* App mini challengeUITests */ = {
			isa = PBXGroup;
			children = (
				B4D3B50C1E39ED0A004FF175 /* App_mini_challengeUITests.swift */,
				B4D3B50E1E39ED0A004FF175 /* Info.plist */,
			);
			path = "App mini challengeUITests";
			sourceTree = "<group>";
		};
		F98135454AC1979BE634612F /* Pods */ = {
			isa = PBXGroup;
			children = (
				16E7D8FB2968BBD3D57D8DD0 /* Pods-App mini challenge.debug.xcconfig */,
				9402685B2968CF1BAD9A9BB6 /* Pods-App mini challenge.release.xcconfig */,
				F365A8D902A43147BC31EBF9 /* Pods-App mini challengeTests.debug.xcconfig */,
				053826F3B77DC065361BF1D6 /* Pods-App mini challengeTests.release.xcconfig */,
				F654D595908933096F073284 /* Pods-App mini challengeUITests.debug.xcconfig */,
				7D8D7BE4B80B7335691163FB /* Pods-App mini challengeUITests.release.xcconfig */,
			);
			name = Pods;
			sourceTree = "<group>";
		};
/* End PBXGroup section */

/* Begin PBXNativeTarget section */
		B4D3B4E51E39ED0A004FF175 /* App mini challenge */ = {
			isa = PBXNativeTarget;
			buildConfigurationList = B4D3B5111E39ED0A004FF175 /* Build configuration list for PBXNativeTarget "App mini challenge" */;
			buildPhases = (
				81913484B45FFBE0EEEC7F72 /* [CP] Check Pods Manifest.lock */,
				B4D3B4E21E39ED0A004FF175 /* Sources */,
				B4D3B4E31E39ED0A004FF175 /* Frameworks */,
				B4D3B4E41E39ED0A004FF175 /* Resources */,
				2CEBC13A1E3D7AE100617373 /* Embed Frameworks */,
				A3EEFC97539F8C8740D8FA2B /* [CP] Embed Pods Frameworks */,
				0D25FAAC0811B2945960D7EC /* [CP] Copy Pods Resources */,
			);
			buildRules = (
			);
			dependencies = (
			);
			name = "App mini challenge";
			productName = "App mini challenge";
			productReference = B4D3B4E61E39ED0A004FF175 /* App mini challenge.app */;
			productType = "com.apple.product-type.application";
		};
		B4D3B4FC1E39ED0A004FF175 /* App mini challengeTests */ = {
			isa = PBXNativeTarget;
			buildConfigurationList = B4D3B5141E39ED0A004FF175 /* Build configuration list for PBXNativeTarget "App mini challengeTests" */;
			buildPhases = (
				69DB051957E8CA648BCE4549 /* [CP] Check Pods Manifest.lock */,
				B4D3B4F91E39ED0A004FF175 /* Sources */,
				B4D3B4FA1E39ED0A004FF175 /* Frameworks */,
				B4D3B4FB1E39ED0A004FF175 /* Resources */,
				8645007FFF5716E85D0191A1 /* [CP] Embed Pods Frameworks */,
				ABBF3776600C0EDAEA739B7A /* [CP] Copy Pods Resources */,
			);
			buildRules = (
			);
			dependencies = (
				B4D3B4FF1E39ED0A004FF175 /* PBXTargetDependency */,
			);
			name = "App mini challengeTests";
			productName = "App mini challengeTests";
			productReference = B4D3B4FD1E39ED0A004FF175 /* App mini challengeTests.xctest */;
			productType = "com.apple.product-type.bundle.unit-test";
		};
		B4D3B5071E39ED0A004FF175 /* App mini challengeUITests */ = {
			isa = PBXNativeTarget;
			buildConfigurationList = B4D3B5171E39ED0A004FF175 /* Build configuration list for PBXNativeTarget "App mini challengeUITests" */;
			buildPhases = (
				CC4CF71A88DE2C14EB702B14 /* [CP] Check Pods Manifest.lock */,
				B4D3B5041E39ED0A004FF175 /* Sources */,
				B4D3B5051E39ED0A004FF175 /* Frameworks */,
				B4D3B5061E39ED0A004FF175 /* Resources */,
				5985AFBE714100686C30320A /* [CP] Embed Pods Frameworks */,
				E9A3542599E8D289D3583B98 /* [CP] Copy Pods Resources */,
			);
			buildRules = (
			);
			dependencies = (
				B4D3B50A1E39ED0A004FF175 /* PBXTargetDependency */,
			);
			name = "App mini challengeUITests";
			productName = "App mini challengeUITests";
			productReference = B4D3B5081E39ED0A004FF175 /* App mini challengeUITests.xctest */;
			productType = "com.apple.product-type.bundle.ui-testing";
		};
/* End PBXNativeTarget section */

/* Begin PBXProject section */
		B4D3B4DE1E39ED0A004FF175 /* Project object */ = {
			isa = PBXProject;
			attributes = {
				LastSwiftUpdateCheck = 0820;
				LastUpgradeCheck = 0820;
				ORGANIZATIONNAME = "Mario Trerotola";
				TargetAttributes = {
					B4D3B4E51E39ED0A004FF175 = {
						CreatedOnToolsVersion = 8.2.1;
						DevelopmentTeam = L7RH25GYY8;
						ProvisioningStyle = Automatic;
						SystemCapabilities = {
							com.apple.Maps.iOS = {
								enabled = 1;
							};
						};
					};
					B4D3B4FC1E39ED0A004FF175 = {
						CreatedOnToolsVersion = 8.2.1;
						DevelopmentTeam = 48L4492JUG;
						ProvisioningStyle = Automatic;
						TestTargetID = B4D3B4E51E39ED0A004FF175;
					};
					B4D3B5071E39ED0A004FF175 = {
						CreatedOnToolsVersion = 8.2.1;
						DevelopmentTeam = 48L4492JUG;
						ProvisioningStyle = Automatic;
						TestTargetID = B4D3B4E51E39ED0A004FF175;
					};
				};
			};
			buildConfigurationList = B4D3B4E11E39ED0A004FF175 /* Build configuration list for PBXProject "App mini challenge" */;
			compatibilityVersion = "Xcode 3.2";
			developmentRegion = English;
			hasScannedForEncodings = 0;
			knownRegions = (
				en,
				Base,
			);
			mainGroup = B4D3B4DD1E39ED0A004FF175;
			productRefGroup = B4D3B4E71E39ED0A004FF175 /* Products */;
			projectDirPath = "";
			projectRoot = "";
			targets = (
				B4D3B4E51E39ED0A004FF175 /* App mini challenge */,
				B4D3B4FC1E39ED0A004FF175 /* App mini challengeTests */,
				B4D3B5071E39ED0A004FF175 /* App mini challengeUITests */,
			);
		};
/* End PBXProject section */

/* Begin PBXResourcesBuildPhase section */
		B4D3B4E41E39ED0A004FF175 /* Resources */ = {
			isa = PBXResourcesBuildPhase;
			buildActionMask = 2147483647;
			files = (
				2CEA42B01E3C18AF003E60BF /* giphy.gif in Resources */,
				B4D3B4F71E39ED0A004FF175 /* LaunchScreen.storyboard in Resources */,
				B4D3B5211E39FC82004FF175 /* Marketcell.xib in Resources */,
				2CEBC1331E3D73E300617373 /* onboardicons in Resources */,
				B4D3B4F41E39ED0A004FF175 /* Assets.xcassets in Resources */,
				2C58A46B1E3C2AC300CBB583 /* introback.jpg in Resources */,
				B4D3B4EF1E39ED0A004FF175 /* Main.storyboard in Resources */,
			);
			runOnlyForDeploymentPostprocessing = 0;
		};
		B4D3B4FB1E39ED0A004FF175 /* Resources */ = {
			isa = PBXResourcesBuildPhase;
			buildActionMask = 2147483647;
			files = (
			);
			runOnlyForDeploymentPostprocessing = 0;
		};
		B4D3B5061E39ED0A004FF175 /* Resources */ = {
			isa = PBXResourcesBuildPhase;
			buildActionMask = 2147483647;
			files = (
			);
			runOnlyForDeploymentPostprocessing = 0;
		};
/* End PBXResourcesBuildPhase section */

/* Begin PBXShellScriptBuildPhase section */
		0D25FAAC0811B2945960D7EC /* [CP] Copy Pods Resources */ = {
			isa = PBXShellScriptBuildPhase;
			buildActionMask = 2147483647;
			files = (
			);
			inputPaths = (
			);
			name = "[CP] Copy Pods Resources";
			outputPaths = (
			);
			runOnlyForDeploymentPostprocessing = 0;
			shellPath = /bin/sh;
			shellScript = "\"${SRCROOT}/Pods/Target Support Files/Pods-App mini challenge/Pods-App mini challenge-resources.sh\"\n";
			showEnvVarsInLog = 0;
		};
		5985AFBE714100686C30320A /* [CP] Embed Pods Frameworks */ = {
			isa = PBXShellScriptBuildPhase;
			buildActionMask = 2147483647;
			files = (
			);
			inputPaths = (
			);
			name = "[CP] Embed Pods Frameworks";
			outputPaths = (
			);
			runOnlyForDeploymentPostprocessing = 0;
			shellPath = /bin/sh;
			shellScript = "\"${SRCROOT}/Pods/Target Support Files/Pods-App mini challengeUITests/Pods-App mini challengeUITests-frameworks.sh\"\n";
			showEnvVarsInLog = 0;
		};
		69DB051957E8CA648BCE4549 /* [CP] Check Pods Manifest.lock */ = {
			isa = PBXShellScriptBuildPhase;
			buildActionMask = 2147483647;
			files = (
			);
			inputPaths = (
			);
			name = "[CP] Check Pods Manifest.lock";
			outputPaths = (
			);
			runOnlyForDeploymentPostprocessing = 0;
			shellPath = /bin/sh;
			shellScript = "diff \"${PODS_ROOT}/../Podfile.lock\" \"${PODS_ROOT}/Manifest.lock\" > /dev/null\nif [ $? != 0 ] ; then\n    # print error to STDERR\n    echo \"error: The sandbox is not in sync with the Podfile.lock. Run 'pod install' or update your CocoaPods installation.\" >&2\n    exit 1\nfi\n";
			showEnvVarsInLog = 0;
		};
		81913484B45FFBE0EEEC7F72 /* [CP] Check Pods Manifest.lock */ = {
			isa = PBXShellScriptBuildPhase;
			buildActionMask = 2147483647;
			files = (
			);
			inputPaths = (
			);
			name = "[CP] Check Pods Manifest.lock";
			outputPaths = (
			);
			runOnlyForDeploymentPostprocessing = 0;
			shellPath = /bin/sh;
			shellScript = "diff \"${PODS_ROOT}/../Podfile.lock\" \"${PODS_ROOT}/Manifest.lock\" > /dev/null\nif [ $? != 0 ] ; then\n    # print error to STDERR\n    echo \"error: The sandbox is not in sync with the Podfile.lock. Run 'pod install' or update your CocoaPods installation.\" >&2\n    exit 1\nfi\n";
			showEnvVarsInLog = 0;
		};
		8645007FFF5716E85D0191A1 /* [CP] Embed Pods Frameworks */ = {
			isa = PBXShellScriptBuildPhase;
			buildActionMask = 2147483647;
			files = (
			);
			inputPaths = (
			);
			name = "[CP] Embed Pods Frameworks";
			outputPaths = (
			);
			runOnlyForDeploymentPostprocessing = 0;
			shellPath = /bin/sh;
			shellScript = "\"${SRCROOT}/Pods/Target Support Files/Pods-App mini challengeTests/Pods-App mini challengeTests-frameworks.sh\"\n";
			showEnvVarsInLog = 0;
		};
		A3EEFC97539F8C8740D8FA2B /* [CP] Embed Pods Frameworks */ = {
			isa = PBXShellScriptBuildPhase;
			buildActionMask = 2147483647;
			files = (
			);
			inputPaths = (
			);
			name = "[CP] Embed Pods Frameworks";
			outputPaths = (
			);
			runOnlyForDeploymentPostprocessing = 0;
			shellPath = /bin/sh;
			shellScript = "\"${SRCROOT}/Pods/Target Support Files/Pods-App mini challenge/Pods-App mini challenge-frameworks.sh\"\n";
			showEnvVarsInLog = 0;
		};
		ABBF3776600C0EDAEA739B7A /* [CP] Copy Pods Resources */ = {
			isa = PBXShellScriptBuildPhase;
			buildActionMask = 2147483647;
			files = (
			);
			inputPaths = (
			);
			name = "[CP] Copy Pods Resources";
			outputPaths = (
			);
			runOnlyForDeploymentPostprocessing = 0;
			shellPath = /bin/sh;
			shellScript = "\"${SRCROOT}/Pods/Target Support Files/Pods-App mini challengeTests/Pods-App mini challengeTests-resources.sh\"\n";
			showEnvVarsInLog = 0;
		};
		CC4CF71A88DE2C14EB702B14 /* [CP] Check Pods Manifest.lock */ = {
			isa = PBXShellScriptBuildPhase;
			buildActionMask = 2147483647;
			files = (
			);
			inputPaths = (
			);
			name = "[CP] Check Pods Manifest.lock";
			outputPaths = (
			);
			runOnlyForDeploymentPostprocessing = 0;
			shellPath = /bin/sh;
			shellScript = "diff \"${PODS_ROOT}/../Podfile.lock\" \"${PODS_ROOT}/Manifest.lock\" > /dev/null\nif [ $? != 0 ] ; then\n    # print error to STDERR\n    echo \"error: The sandbox is not in sync with the Podfile.lock. Run 'pod install' or update your CocoaPods installation.\" >&2\n    exit 1\nfi\n";
			showEnvVarsInLog = 0;
		};
		E9A3542599E8D289D3583B98 /* [CP] Copy Pods Resources */ = {
			isa = PBXShellScriptBuildPhase;
			buildActionMask = 2147483647;
			files = (
			);
			inputPaths = (
			);
			name = "[CP] Copy Pods Resources";
			outputPaths = (
			);
			runOnlyForDeploymentPostprocessing = 0;
			shellPath = /bin/sh;
			shellScript = "\"${SRCROOT}/Pods/Target Support Files/Pods-App mini challengeUITests/Pods-App mini challengeUITests-resources.sh\"\n";
			showEnvVarsInLog = 0;
		};
/* End PBXShellScriptBuildPhase section */

/* Begin PBXSourcesBuildPhase section */
		B4D3B4E21E39ED0A004FF175 /* Sources */ = {
			isa = PBXSourcesBuildPhase;
			buildActionMask = 2147483647;
			files = (
				2CEBC12F1E3D662300617373 /* Pulsing.swift in Sources */,
				2CEBC12B1E3D188900617373 /* OrderSummaryViewController.swift in Sources */,
				2CEBC12D1E3D1BA300617373 /* CircularTransition.swift in Sources */,
				B4D3B51D1E39ED9B004FF175 /* MarketTableViewController.swift in Sources */,
				2CEBC1351E3D741600617373 /* OnBoardViewController.swift in Sources */,
				B4D3B51B1E39ED44004FF175 /* ProductCollectionViewController.swift in Sources */,
				B4D3B51F1E39EDC9004FF175 /* CategoryCollectionViewController.swift in Sources */,
				2C58A4691E3C20A200CBB583 /* PadTableViewController.swift in Sources */,
				B4D3B4F21E39ED0A004FF175 /* App_mini_challenge.xcdatamodeld in Sources */,
				B4D3B4EC1E39ED0A004FF175 /* ViewController.swift in Sources */,
				B4D3B4EA1E39ED0A004FF175 /* AppDelegate.swift in Sources */,
				B4099E7F1E3F47AA00AB566F /* AlamofireTestVC.swift in Sources */,
				B43CFD9D1E3B43EA007B0DFA /* ObtainLocation.swift in Sources */,
				2C58A4711E3D0E8F00CBB583 /* PadViewController.swift in Sources */,
				2CEBC1371E3D759200617373 /* OnboardingView.swift in Sources */,
				2CEBC13C1E3DAC3300617373 /* SecondTableTableViewController.swift in Sources */,
				2C58A46F1E3D0C6C00CBB583 /* CheckoutViewController.swift in Sources */,
				2C58A46D1E3D0A2500CBB583 /* SelectItemsViewController.swift in Sources */,
			);
			runOnlyForDeploymentPostprocessing = 0;
		};
		B4D3B4F91E39ED0A004FF175 /* Sources */ = {
			isa = PBXSourcesBuildPhase;
			buildActionMask = 2147483647;
			files = (
				B4D3B5021E39ED0A004FF175 /* App_mini_challengeTests.swift in Sources */,
			);
			runOnlyForDeploymentPostprocessing = 0;
		};
		B4D3B5041E39ED0A004FF175 /* Sources */ = {
			isa = PBXSourcesBuildPhase;
			buildActionMask = 2147483647;
			files = (
				B4D3B50D1E39ED0A004FF175 /* App_mini_challengeUITests.swift in Sources */,
			);
			runOnlyForDeploymentPostprocessing = 0;
		};
/* End PBXSourcesBuildPhase section */

/* Begin PBXTargetDependency section */
		B4D3B4FF1E39ED0A004FF175 /* PBXTargetDependency */ = {
			isa = PBXTargetDependency;
			target = B4D3B4E51E39ED0A004FF175 /* App mini challenge */;
			targetProxy = B4D3B4FE1E39ED0A004FF175 /* PBXContainerItemProxy */;
		};
		B4D3B50A1E39ED0A004FF175 /* PBXTargetDependency */ = {
			isa = PBXTargetDependency;
			target = B4D3B4E51E39ED0A004FF175 /* App mini challenge */;
			targetProxy = B4D3B5091E39ED0A004FF175 /* PBXContainerItemProxy */;
		};
/* End PBXTargetDependency section */

/* Begin PBXVariantGroup section */
		B4D3B4ED1E39ED0A004FF175 /* Main.storyboard */ = {
			isa = PBXVariantGroup;
			children = (
				B4D3B4EE1E39ED0A004FF175 /* Base */,
			);
			name = Main.storyboard;
			sourceTree = "<group>";
		};
		B4D3B4F51E39ED0A004FF175 /* LaunchScreen.storyboard */ = {
			isa = PBXVariantGroup;
			children = (
				B4D3B4F61E39ED0A004FF175 /* Base */,
			);
			name = LaunchScreen.storyboard;
			sourceTree = "<group>";
		};
/* End PBXVariantGroup section */

/* Begin XCBuildConfiguration section */
		B4D3B50F1E39ED0A004FF175 /* Debug */ = {
			isa = XCBuildConfiguration;
			buildSettings = {
				ALWAYS_SEARCH_USER_PATHS = NO;
				CLANG_ANALYZER_NONNULL = YES;
				CLANG_CXX_LANGUAGE_STANDARD = "gnu++0x";
				CLANG_CXX_LIBRARY = "libc++";
				CLANG_ENABLE_MODULES = YES;
				CLANG_ENABLE_OBJC_ARC = YES;
				CLANG_WARN_BOOL_CONVERSION = YES;
				CLANG_WARN_CONSTANT_CONVERSION = YES;
				CLANG_WARN_DIRECT_OBJC_ISA_USAGE = YES_ERROR;
				CLANG_WARN_DOCUMENTATION_COMMENTS = YES;
				CLANG_WARN_EMPTY_BODY = YES;
				CLANG_WARN_ENUM_CONVERSION = YES;
				CLANG_WARN_INFINITE_RECURSION = YES;
				CLANG_WARN_INT_CONVERSION = YES;
				CLANG_WARN_OBJC_ROOT_CLASS = YES_ERROR;
				CLANG_WARN_SUSPICIOUS_MOVE = YES;
				CLANG_WARN_UNREACHABLE_CODE = YES;
				CLANG_WARN__DUPLICATE_METHOD_MATCH = YES;
				"CODE_SIGN_IDENTITY[sdk=iphoneos*]" = "iPhone Developer";
				COPY_PHASE_STRIP = NO;
				DEBUG_INFORMATION_FORMAT = dwarf;
				ENABLE_STRICT_OBJC_MSGSEND = YES;
				ENABLE_TESTABILITY = YES;
				GCC_C_LANGUAGE_STANDARD = gnu99;
				GCC_DYNAMIC_NO_PIC = NO;
				GCC_NO_COMMON_BLOCKS = YES;
				GCC_OPTIMIZATION_LEVEL = 0;
				GCC_PREPROCESSOR_DEFINITIONS = (
					"DEBUG=1",
					"$(inherited)",
				);
				GCC_WARN_64_TO_32_BIT_CONVERSION = YES;
				GCC_WARN_ABOUT_RETURN_TYPE = YES_ERROR;
				GCC_WARN_UNDECLARED_SELECTOR = YES;
				GCC_WARN_UNINITIALIZED_AUTOS = YES_AGGRESSIVE;
				GCC_WARN_UNUSED_FUNCTION = YES;
				GCC_WARN_UNUSED_VARIABLE = YES;
				IPHONEOS_DEPLOYMENT_TARGET = 10.2;
				MTL_ENABLE_DEBUG_INFO = YES;
				ONLY_ACTIVE_ARCH = YES;
				SDKROOT = iphoneos;
				SWIFT_ACTIVE_COMPILATION_CONDITIONS = DEBUG;
				SWIFT_OPTIMIZATION_LEVEL = "-Onone";
				TARGETED_DEVICE_FAMILY = "1,2";
			};
			name = Debug;
		};
		B4D3B5101E39ED0A004FF175 /* Release */ = {
			isa = XCBuildConfiguration;
			buildSettings = {
				ALWAYS_SEARCH_USER_PATHS = NO;
				CLANG_ANALYZER_NONNULL = YES;
				CLANG_CXX_LANGUAGE_STANDARD = "gnu++0x";
				CLANG_CXX_LIBRARY = "libc++";
				CLANG_ENABLE_MODULES = YES;
				CLANG_ENABLE_OBJC_ARC = YES;
				CLANG_WARN_BOOL_CONVERSION = YES;
				CLANG_WARN_CONSTANT_CONVERSION = YES;
				CLANG_WARN_DIRECT_OBJC_ISA_USAGE = YES_ERROR;
				CLANG_WARN_DOCUMENTATION_COMMENTS = YES;
				CLANG_WARN_EMPTY_BODY = YES;
				CLANG_WARN_ENUM_CONVERSION = YES;
				CLANG_WARN_INFINITE_RECURSION = YES;
				CLANG_WARN_INT_CONVERSION = YES;
				CLANG_WARN_OBJC_ROOT_CLASS = YES_ERROR;
				CLANG_WARN_SUSPICIOUS_MOVE = YES;
				CLANG_WARN_UNREACHABLE_CODE = YES;
				CLANG_WARN__DUPLICATE_METHOD_MATCH = YES;
				"CODE_SIGN_IDENTITY[sdk=iphoneos*]" = "iPhone Developer";
				COPY_PHASE_STRIP = NO;
				DEBUG_INFORMATION_FORMAT = "dwarf-with-dsym";
				ENABLE_NS_ASSERTIONS = NO;
				ENABLE_STRICT_OBJC_MSGSEND = YES;
				GCC_C_LANGUAGE_STANDARD = gnu99;
				GCC_NO_COMMON_BLOCKS = YES;
				GCC_WARN_64_TO_32_BIT_CONVERSION = YES;
				GCC_WARN_ABOUT_RETURN_TYPE = YES_ERROR;
				GCC_WARN_UNDECLARED_SELECTOR = YES;
				GCC_WARN_UNINITIALIZED_AUTOS = YES_AGGRESSIVE;
				GCC_WARN_UNUSED_FUNCTION = YES;
				GCC_WARN_UNUSED_VARIABLE = YES;
				IPHONEOS_DEPLOYMENT_TARGET = 10.2;
				MTL_ENABLE_DEBUG_INFO = NO;
				SDKROOT = iphoneos;
				SWIFT_OPTIMIZATION_LEVEL = "-Owholemodule";
				TARGETED_DEVICE_FAMILY = "1,2";
				VALIDATE_PRODUCT = YES;
			};
			name = Release;
		};
		B4D3B5121E39ED0A004FF175 /* Debug */ = {
			isa = XCBuildConfiguration;
			baseConfigurationReference = 16E7D8FB2968BBD3D57D8DD0 /* Pods-App mini challenge.debug.xcconfig */;
			buildSettings = {
				ASSETCATALOG_COMPILER_APPICON_NAME = AppIcon;
				DEVELOPMENT_TEAM = L7RH25GYY8;
				FRAMEWORK_SEARCH_PATHS = (
					"$(inherited)",
					"$(PROJECT_DIR)",
				);
				INFOPLIST_FILE = "App mini challenge/Info.plist";
				LD_RUNPATH_SEARCH_PATHS = "$(inherited) @executable_path/Frameworks";
				PRODUCT_BUNDLE_IDENTIFIER = drck.;
				PRODUCT_NAME = "$(TARGET_NAME)";
				SWIFT_VERSION = 3.0;
			};
			name = Debug;
		};
		B4D3B5131E39ED0A004FF175 /* Release */ = {
			isa = XCBuildConfiguration;
			baseConfigurationReference = 9402685B2968CF1BAD9A9BB6 /* Pods-App mini challenge.release.xcconfig */;
			buildSettings = {
				ASSETCATALOG_COMPILER_APPICON_NAME = AppIcon;
				DEVELOPMENT_TEAM = L7RH25GYY8;
				FRAMEWORK_SEARCH_PATHS = (
					"$(inherited)",
					"$(PROJECT_DIR)",
				);
				INFOPLIST_FILE = "App mini challenge/Info.plist";
				LD_RUNPATH_SEARCH_PATHS = "$(inherited) @executable_path/Frameworks";
				PRODUCT_BUNDLE_IDENTIFIER = drck.;
				PRODUCT_NAME = "$(TARGET_NAME)";
				SWIFT_VERSION = 3.0;
			};
			name = Release;
		};
		B4D3B5151E39ED0A004FF175 /* Debug */ = {
			isa = XCBuildConfiguration;
			baseConfigurationReference = F365A8D902A43147BC31EBF9 /* Pods-App mini challengeTests.debug.xcconfig */;
			buildSettings = {
				ALWAYS_EMBED_SWIFT_STANDARD_LIBRARIES = YES;
				BUNDLE_LOADER = "$(TEST_HOST)";
				DEVELOPMENT_TEAM = 48L4492JUG;
				INFOPLIST_FILE = "App mini challengeTests/Info.plist";
				LD_RUNPATH_SEARCH_PATHS = "$(inherited) @executable_path/Frameworks @loader_path/Frameworks";
				PRODUCT_BUNDLE_IDENTIFIER = "con.MarioIOSDev.App-mini-challengeTests";
				PRODUCT_NAME = "$(TARGET_NAME)";
				SWIFT_VERSION = 3.0;
				TEST_HOST = "$(BUILT_PRODUCTS_DIR)/App mini challenge.app/App mini challenge";
			};
			name = Debug;
		};
		B4D3B5161E39ED0A004FF175 /* Release */ = {
			isa = XCBuildConfiguration;
			baseConfigurationReference = 053826F3B77DC065361BF1D6 /* Pods-App mini challengeTests.release.xcconfig */;
			buildSettings = {
				ALWAYS_EMBED_SWIFT_STANDARD_LIBRARIES = YES;
				BUNDLE_LOADER = "$(TEST_HOST)";
				DEVELOPMENT_TEAM = 48L4492JUG;
				INFOPLIST_FILE = "App mini challengeTests/Info.plist";
				LD_RUNPATH_SEARCH_PATHS = "$(inherited) @executable_path/Frameworks @loader_path/Frameworks";
				PRODUCT_BUNDLE_IDENTIFIER = "con.MarioIOSDev.App-mini-challengeTests";
				PRODUCT_NAME = "$(TARGET_NAME)";
				SWIFT_VERSION = 3.0;
				TEST_HOST = "$(BUILT_PRODUCTS_DIR)/App mini challenge.app/App mini challenge";
			};
			name = Release;
		};
		B4D3B5181E39ED0A004FF175 /* Debug */ = {
			isa = XCBuildConfiguration;
			baseConfigurationReference = F654D595908933096F073284 /* Pods-App mini challengeUITests.debug.xcconfig */;
			buildSettings = {
				ALWAYS_EMBED_SWIFT_STANDARD_LIBRARIES = YES;
				DEVELOPMENT_TEAM = 48L4492JUG;
				INFOPLIST_FILE = "App mini challengeUITests/Info.plist";
				LD_RUNPATH_SEARCH_PATHS = "$(inherited) @executable_path/Frameworks @loader_path/Frameworks";
				PRODUCT_BUNDLE_IDENTIFIER = "con.MarioIOSDev.App-mini-challengeUITests";
				PRODUCT_NAME = "$(TARGET_NAME)";
				SWIFT_VERSION = 3.0;
				TEST_TARGET_NAME = "App mini challenge";
			};
			name = Debug;
		};
		B4D3B5191E39ED0A004FF175 /* Release */ = {
			isa = XCBuildConfiguration;
			baseConfigurationReference = 7D8D7BE4B80B7335691163FB /* Pods-App mini challengeUITests.release.xcconfig */;
			buildSettings = {
				ALWAYS_EMBED_SWIFT_STANDARD_LIBRARIES = YES;
				DEVELOPMENT_TEAM = 48L4492JUG;
				INFOPLIST_FILE = "App mini challengeUITests/Info.plist";
				LD_RUNPATH_SEARCH_PATHS = "$(inherited) @executable_path/Frameworks @loader_path/Frameworks";
				PRODUCT_BUNDLE_IDENTIFIER = "con.MarioIOSDev.App-mini-challengeUITests";
				PRODUCT_NAME = "$(TARGET_NAME)";
				SWIFT_VERSION = 3.0;
				TEST_TARGET_NAME = "App mini challenge";
			};
			name = Release;
		};
/* End XCBuildConfiguration section */

/* Begin XCConfigurationList section */
		B4D3B4E11E39ED0A004FF175 /* Build configuration list for PBXProject "App mini challenge" */ = {
			isa = XCConfigurationList;
			buildConfigurations = (
				B4D3B50F1E39ED0A004FF175 /* Debug */,
				B4D3B5101E39ED0A004FF175 /* Release */,
			);
			defaultConfigurationIsVisible = 0;
			defaultConfigurationName = Release;
		};
		B4D3B5111E39ED0A004FF175 /* Build configuration list for PBXNativeTarget "App mini challenge" */ = {
			isa = XCConfigurationList;
			buildConfigurations = (
				B4D3B5121E39ED0A004FF175 /* Debug */,
				B4D3B5131E39ED0A004FF175 /* Release */,
			);
			defaultConfigurationIsVisible = 0;
			defaultConfigurationName = Release;
		};
		B4D3B5141E39ED0A004FF175 /* Build configuration list for PBXNativeTarget "App mini challengeTests" */ = {
			isa = XCConfigurationList;
			buildConfigurations = (
				B4D3B5151E39ED0A004FF175 /* Debug */,
				B4D3B5161E39ED0A004FF175 /* Release */,
			);
			defaultConfigurationIsVisible = 0;
			defaultConfigurationName = Release;
		};
		B4D3B5171E39ED0A004FF175 /* Build configuration list for PBXNativeTarget "App mini challengeUITests" */ = {
			isa = XCConfigurationList;
			buildConfigurations = (
				B4D3B5181E39ED0A004FF175 /* Debug */,
				B4D3B5191E39ED0A004FF175 /* Release */,
			);
			defaultConfigurationIsVisible = 0;
			defaultConfigurationName = Release;
		};
/* End XCConfigurationList section */

/* Begin XCVersionGroup section */
		B4D3B4F01E39ED0A004FF175 /* App_mini_challenge.xcdatamodeld */ = {
			isa = XCVersionGroup;
			children = (
				B4D3B4F11E39ED0A004FF175 /* App_mini_challenge.xcdatamodel */,
			);
			currentVersion = B4D3B4F11E39ED0A004FF175 /* App_mini_challenge.xcdatamodel */;
			path = App_mini_challenge.xcdatamodeld;
			sourceTree = "<group>";
			versionGroupType = wrapper.xcdatamodel;
		};
/* End XCVersionGroup section */
	};
	rootObject = B4D3B4DE1E39ED0A004FF175 /* Project object */;
}
